
Microsoft Visual Studio Solution File, Format Version 12.00
# Visual Studio Version 16
VisualStudioVersion = 16.0.31911.196
MinimumVisualStudioVersion = 10.0.40219.1
Project("{FAE04EC0-301F-11D3-BF4B-00C04F79EFBC}") = "Example", "Example.csproj", "{C6E18D38-AD80-4FBA-8F95-37D36DF8C20F}"
EndProject
Global
	GlobalSection(SolutionConfigurationPlatforms) = preSolution
		Debug|Any CPU = Debug|Any CPU
		Release|Any CPU = Release|Any CPU
	EndGlobalSection
	GlobalSection(ProjectConfigurationPlatforms) = postSolution
		{C6E18D38-AD80-4FBA-8F95-37D36DF8C20F}.Debug|Any CPU.ActiveCfg = Debug|Any CPU
		{C6E18D38-AD80-4FBA-8F95-37D36DF8C20F}.Debug|Any CPU.Build.0 = Debug|Any CPU
		{C6E18D38-AD80-4FBA-8F95-37D36DF8C20F}.Release|Any CPU.ActiveCfg = Release|Any CPU
		{C6E18D38-AD80-4FBA-8F95-37D36DF8C20F}.Release|Any CPU.Build.0 = Release|Any CPU
	EndGlobalSection
	GlobalSection(SolutionProperties) = preSolution
		HideSolutionNode = FALSE
	EndGlobalSection
	GlobalSection(ExtensibilityGlobals) = postSolution
		SolutionGuid = {04B2BCE4-2900-46F2-B22D-3C66FEED4BA8}
	EndGlobalSection
EndGlobal
